<?xml version="1.0" encoding="utf-8"?>
<Project ToolsVersion="4.0" xmlns="http://schemas.microsoft.com/developer/msbuild/2003">
  <ItemGroup>
    <Filter Include="Source Files">
      <UniqueIdentifier>{4FC737F1-C7A5-4376-A066-2A32D752A2FF}</UniqueIdentifier>
      <Extensions>cpp;c;cc;cxx;def;odl;idl;hpj;bat;asm;asmx</Extensions>
    </Filter>
    <Filter Include="Header Files">
      <UniqueIdentifier>{93995380-89BD-4b04-88EB-625FBE52EBFB}</UniqueIdentifier>
      <Extensions>h;hh;hpp;hxx;hm;inl;inc;xsd</Extensions>
    </Filter>
    <Filter Include="Resource Files">
      <UniqueIdentifier>{67DA6AB6-F800-4c08-8B7A-83BB121AAD01}</UniqueIdentifier>
      <Extensions>rc;ico;cur;bmp;dlg;rc2;rct;bin;rgs;gif;jpg;jpeg;jpe;resx;tiff;tif;png;wav;mfcribbon-ms</Extensions>
    </Filter>
  </ItemGroup>
  <ItemGroup>
    <Text Include="ReadMe.txt" />
  </ItemGroup>
  <ItemGroup>
    <ClInclude Include="IBasicOperations.h">
      <Filter>Header Files</Filter>
    </ClInclude>
    <ClInclude Include="PriorityQueue.h">
      <Filter>Header Files</Filter>
    </ClInclude>
    <ClInclude Include="MaxPQ.h">
      <Filter>Header Files</Filter>
    </ClInclude>
    <ClInclude Include="UnorderedArrayMaxPQ.h">
      <Filter>Header Files</Filter>
    </ClInclude>
    <ClInclude Include="IMaxPQ.h">
      <Filter>Header Files</Filter>
    </ClInclude>
    <ClInclude Include="IPriorityQueue.h">
      <Filter>Header Files</Filter>
    </ClInclude>
    <ClInclude Include="OrderedArrayMaxPQ.h">
      <Filter>Header Files</Filter>
    </ClInclude>
    <ClInclude Include="UnorderedLinkedListMaxPQ.h">
      <Filter>Header Files</Filter>
    </ClInclude>
    <ClInclude Include="OrderedLinkedListMaxPQ.h">
      <Filter>Header Files</Filter>
    </ClInclude>
    <ClInclude Include="BinaryHeapMaxPQ.h">
      <Filter>Header Files</Filter>
    </ClInclude>
    <ClInclude Include="IndexMaxPQ.h">
      <Filter>Header Files</Filter>
    </ClInclude>
    <ClInclude Include="HeapSort.h">
      <Filter>Header Files</Filter>
    </ClInclude>
    <ClInclude Include="MergeSort.h">
      <Filter>Header Files</Filter>
    </ClInclude>
    <ClInclude Include="InsertionSort.h">
      <Filter>Header Files</Filter>
    </ClInclude>
    <ClInclude Include="QuickSort.h">
      <Filter>Header Files</Filter>
    </ClInclude>
    <ClInclude Include="BinaryHeapMinPQ.h">
      <Filter>Header Files</Filter>
    </ClInclude>
    <ClInclude Include="IndexMinPQ.h">
      <Filter>Header Files</Filter>
    </ClInclude>
    <ClInclude Include="StringSortST.h">
      <Filter>Header Files</Filter>
    </ClInclude>
    <ClInclude Include="LSDSort.h">
      <Filter>Header Files</Filter>
    </ClInclude>
    <ClInclude Include="MSDSort.h">
      <Filter>Header Files</Filter>
    </ClInclude>
    <ClInclude Include="KeyIndexedCountingForQueue.h">
      <Filter>Header Files</Filter>
    </ClInclude>
    <ClInclude Include="MSDQueueSort.h">
      <Filter>Header Files</Filter>
    </ClInclude>
    <ClInclude Include="Alphabet.h">
      <Filter>Header Files</Filter>
    </ClInclude>
    <ClInclude Include="IntArraySort.h">
      <Filter>Header Files</Filter>
    </ClInclude>
    <ClInclude Include="SublinearSort.h">
      <Filter>Header Files</Filter>
    </ClInclude>
    <ClInclude Include="LinkedListSort.h">
      <Filter>Header Files</Filter>
    </ClInclude>
  </ItemGroup>
  <ItemGroup>
    <ClCompile Include="StringSortST.cpp">
      <Filter>Source Files</Filter>
    </ClCompile>
    <ClCompile Include="LSDSort.cpp">
      <Filter>Source Files</Filter>
    </ClCompile>
    <ClCompile Include="MSDSort.cpp">
      <Filter>Source Files</Filter>
    </ClCompile>
    <ClCompile Include="KeyIndexedCountingForQueue.cpp">
      <Filter>Source Files</Filter>
    </ClCompile>
    <ClCompile Include="MSDQueueSort.cpp">
      <Filter>Source Files</Filter>
    </ClCompile>
    <ClCompile Include="Alphabet.cpp">
      <Filter>Source Files</Filter>
    </ClCompile>
    <ClCompile Include="IntArraySort.cpp">
      <Filter>Source Files</Filter>
    </ClCompile>
    <ClCompile Include="SublinearSort.cpp">
      <Filter>Source Files</Filter>
    </ClCompile>
    <ClCompile Include="LinkedListSort.cpp">
      <Filter>Source Files</Filter>
    </ClCompile>
  </ItemGroup>
</Project>