<?xml version="1.0" encoding="utf-8"?>
<Project ToolsVersion="4.0" xmlns="http://schemas.microsoft.com/developer/msbuild/2003">
  <ItemGroup>
    <Filter Include="Source Files">
      <UniqueIdentifier>{4FC737F1-C7A5-4376-A066-2A32D752A2FF}</UniqueIdentifier>
      <Extensions>cpp;c;cc;cxx;def;odl;idl;hpj;bat;asm;asmx</Extensions>
    </Filter>
    <Filter Include="Header Files">
      <UniqueIdentifier>{93995380-89BD-4b04-88EB-625FBE52EBFB}</UniqueIdentifier>
      <Extensions>h;hh;hpp;hxx;hm;inl;inc;xsd</Extensions>
    </Filter>
    <Filter Include="Resource Files">
      <UniqueIdentifier>{67DA6AB6-F800-4c08-8B7A-83BB121AAD01}</UniqueIdentifier>
      <Extensions>rc;ico;cur;bmp;dlg;rc2;rct;bin;rgs;gif;jpg;jpeg;jpe;resx;tiff;tif;png;wav;mfcribbon-ms</Extensions>
    </Filter>
    <Filter Include="Source Files\Supporting files">
      <UniqueIdentifier>{db1e46c3-872b-405f-8ee4-33160b2d1214}</UniqueIdentifier>
    </Filter>
  </ItemGroup>
  <ItemGroup>
    <ClInclude Include="stdafx.h">
      <Filter>Header Files</Filter>
    </ClInclude>
    <ClInclude Include="targetver.h">
      <Filter>Header Files</Filter>
    </ClInclude>
  </ItemGroup>
  <ItemGroup>
    <ClCompile Include="stdafx.cpp">
      <Filter>Source Files</Filter>
    </ClCompile>
    <ClCompile Include="SequantialSearchSTTest.cpp">
      <Filter>Source Files</Filter>
    </ClCompile>
    <ClCompile Include="BinarySearchSTTest.cpp">
      <Filter>Source Files</Filter>
    </ClCompile>
    <ClCompile Include="ArraySTTest.cpp">
      <Filter>Source Files</Filter>
    </ClCompile>
    <ClCompile Include="OrderedSequentialSearchSTTest.cpp">
      <Filter>Source Files</Filter>
    </ClCompile>
    <ClCompile Include="BinarySearchSingleItemST.cpp">
      <Filter>Source Files</Filter>
    </ClCompile>
    <ClCompile Include="BinarySearchInterpolationSTTest.cpp">
      <Filter>Source Files</Filter>
    </ClCompile>
    <ClCompile Include="BSTNrTest.cpp">
      <Filter>Source Files</Filter>
    </ClCompile>
    <ClCompile Include="BSTTest.cpp">
      <Filter>Source Files</Filter>
    </ClCompile>
    <ClCompile Include="BSTEnhTest.cpp">
      <Filter>Source Files</Filter>
    </ClCompile>
    <ClCompile Include="RedBlackBSTTest.cpp">
      <Filter>Source Files</Filter>
    </ClCompile>
    <ClCompile Include="TopDown234TreeTest.cpp">
      <Filter>Source Files</Filter>
    </ClCompile>
    <ClCompile Include="BottonUp234TreeTest.cpp">
      <Filter>Source Files</Filter>
    </ClCompile>
    <ClCompile Include="RedBlackBSTEnhTest.cpp">
      <Filter>Source Files</Filter>
    </ClCompile>
    <ClCompile Include="SeparateChainingHashSTTest.cpp">
      <Filter>Source Files</Filter>
    </ClCompile>
    <ClCompile Include="LinearProbeHashSTTest.cpp">
      <Filter>Source Files</Filter>
    </ClCompile>
    <ClCompile Include="SeparateChainingHashSTEnhTest.cpp">
      <Filter>Source Files</Filter>
    </ClCompile>
    <ClCompile Include="DoubleProbingHashSTTest.cpp">
      <Filter>Source Files</Filter>
    </ClCompile>
    <ClCompile Include="DoubleHashingLPHashSTTest.cpp">
      <Filter>Source Files</Filter>
    </ClCompile>
    <ClCompile Include="SetWrapperTest.cpp">
      <Filter>Source Files</Filter>
    </ClCompile>
    <ClCompile Include="HashSETWrapperTest.cpp">
      <Filter>Source Files</Filter>
    </ClCompile>
    <ClCompile Include="SequantialSearchSetTest.cpp">
      <Filter>Source Files</Filter>
    </ClCompile>
    <ClCompile Include="BinarySearchSETTest.cpp">
      <Filter>Source Files</Filter>
    </ClCompile>
    <ClCompile Include="MultiMapLPTest.cpp">
      <Filter>Source Files</Filter>
    </ClCompile>
    <ClCompile Include="MultiMapBSTTest.cpp">
      <Filter>Source Files</Filter>
    </ClCompile>
    <ClCompile Include="MultiMapRedBlackBST.cpp">
      <Filter>Source Files</Filter>
    </ClCompile>
    <ClCompile Include="TrieSTTest.cpp">
      <Filter>Source Files</Filter>
    </ClCompile>
    <ClCompile Include="TSTTest.cpp">
      <Filter>Source Files</Filter>
    </ClCompile>
    <ClCompile Include="TrieSTNrTest.cpp">
      <Filter>Source Files</Filter>
    </ClCompile>
    <ClCompile Include="TSTNrTest.cpp">
      <Filter>Source Files</Filter>
    </ClCompile>
    <ClCompile Include="..\Search\StringSET.cpp">
      <Filter>Source Files\Supporting files</Filter>
    </ClCompile>
    <ClCompile Include="StringSETTest.cpp">
      <Filter>Source Files</Filter>
    </ClCompile>
    <ClCompile Include="..\Search\SubstringBrute.cpp">
      <Filter>Source Files\Supporting files</Filter>
    </ClCompile>
    <ClCompile Include="SubstringBruteTest.cpp">
      <Filter>Source Files</Filter>
    </ClCompile>
  </ItemGroup>
</Project>