<?xml version="1.0" encoding="utf-8"?>
<Project ToolsVersion="4.0" xmlns="http://schemas.microsoft.com/developer/msbuild/2003">
  <ItemGroup>
    <Filter Include="Source Files">
      <UniqueIdentifier>{4FC737F1-C7A5-4376-A066-2A32D752A2FF}</UniqueIdentifier>
      <Extensions>cpp;c;cc;cxx;def;odl;idl;hpj;bat;asm;asmx</Extensions>
    </Filter>
    <Filter Include="Header Files">
      <UniqueIdentifier>{93995380-89BD-4b04-88EB-625FBE52EBFB}</UniqueIdentifier>
      <Extensions>h;hh;hpp;hxx;hm;inl;inc;xsd</Extensions>
    </Filter>
    <Filter Include="Resource Files">
      <UniqueIdentifier>{67DA6AB6-F800-4c08-8B7A-83BB121AAD01}</UniqueIdentifier>
      <Extensions>rc;ico;cur;bmp;dlg;rc2;rct;bin;rgs;gif;jpg;jpeg;jpe;resx;tiff;tif;png;wav;mfcribbon-ms</Extensions>
    </Filter>
  </ItemGroup>
  <ItemGroup>
    <ClInclude Include="Edge.h">
      <Filter>Header Files</Filter>
    </ClInclude>
    <ClInclude Include="EdgeWeightedGraph.h">
      <Filter>Header Files</Filter>
    </ClInclude>
    <ClInclude Include="KruskalMST.h">
      <Filter>Header Files</Filter>
    </ClInclude>
    <ClInclude Include="LazyPrimsMST.h">
      <Filter>Header Files</Filter>
    </ClInclude>
    <ClInclude Include="UnionFind.h">
      <Filter>Header Files</Filter>
    </ClInclude>
    <ClInclude Include="PrimsMST.h">
      <Filter>Header Files</Filter>
    </ClInclude>
    <ClInclude Include="EdgeWeightedGraphDense.h">
      <Filter>Header Files</Filter>
    </ClInclude>
    <ClInclude Include="Digraph.h">
      <Filter>Header Files</Filter>
    </ClInclude>
    <ClInclude Include="DirectedDFS.h">
      <Filter>Header Files</Filter>
    </ClInclude>
    <ClInclude Include="DirectedEdge.h">
      <Filter>Header Files</Filter>
    </ClInclude>
    <ClInclude Include="EdgeWeightedDigraph.h">
      <Filter>Header Files</Filter>
    </ClInclude>
    <ClInclude Include="IShortestPaths.h">
      <Filter>Header Files</Filter>
    </ClInclude>
    <ClInclude Include="DijkstraSP.h">
      <Filter>Header Files</Filter>
    </ClInclude>
    <ClInclude Include="AcyclicSP.h">
      <Filter>Header Files</Filter>
    </ClInclude>
    <ClInclude Include="Topological.h">
      <Filter>Header Files</Filter>
    </ClInclude>
    <ClInclude Include="EdgeWeightedDigraphDense.h">
      <Filter>Header Files</Filter>
    </ClInclude>
    <ClInclude Include="DenseGraphHasEdgeException.h">
      <Filter>Header Files</Filter>
    </ClInclude>
  </ItemGroup>
  <ItemGroup>
    <ClCompile Include="Edge.cpp">
      <Filter>Source Files</Filter>
    </ClCompile>
    <ClCompile Include="EdgeWeightedGraph.cpp">
      <Filter>Source Files</Filter>
    </ClCompile>
    <ClCompile Include="KruskalMST.cpp">
      <Filter>Source Files</Filter>
    </ClCompile>
    <ClCompile Include="LazyPrimsMST.cpp">
      <Filter>Source Files</Filter>
    </ClCompile>
    <ClCompile Include="UnionFind.cpp">
      <Filter>Source Files</Filter>
    </ClCompile>
    <ClCompile Include="PrimsMST.cpp">
      <Filter>Source Files</Filter>
    </ClCompile>
    <ClCompile Include="EdgeWeightedGraphDense.cpp">
      <Filter>Source Files</Filter>
    </ClCompile>
    <ClCompile Include="Digraph.cpp">
      <Filter>Source Files</Filter>
    </ClCompile>
    <ClCompile Include="DirectedDFS.cpp">
      <Filter>Source Files</Filter>
    </ClCompile>
    <ClCompile Include="EdgeWeightedDigraph.cpp">
      <Filter>Source Files</Filter>
    </ClCompile>
    <ClCompile Include="DijkstraSP.cpp">
      <Filter>Source Files</Filter>
    </ClCompile>
    <ClCompile Include="AcyclicSP.cpp">
      <Filter>Source Files</Filter>
    </ClCompile>
    <ClCompile Include="Topological.cpp">
      <Filter>Source Files</Filter>
    </ClCompile>
    <ClCompile Include="EdgeWeightedDigraphDense.cpp">
      <Filter>Source Files</Filter>
    </ClCompile>
    <ClCompile Include="DenseGraphHasEdgeException.cpp">
      <Filter>Source Files</Filter>
    </ClCompile>
  </ItemGroup>
</Project>